# THIS IS AN AUTOGENERATED FILE. DO NOT EDIT THIS FILE DIRECTLY.
# yarn lockfile v1


azion@latest:
  version "1.9.0"
  resolved "https://registry.yarnpkg.com/azion/-/azion-1.9.0.tgz#250221b102c37a803afe1ba85f126408af5f3dc4"
  integrity sha512-o05+KsM8+VvXVTODM719yZdF5lsu1ZyMGHahAUBKS0MNQpg/g52P4XxYdSIYGAsza38Z1ek9d8mnWYi4WazHog==
  dependencies:
    chalk "^5.3.0"
    progress "^2.0.3"

chalk@^5.3.0:
  version "5.3.0"
  resolved "https://registry.yarnpkg.com/chalk/-/chalk-5.3.0.tgz#67c20a7ebef70e7f3970a01f90fa210cb6860385"
  integrity sha512-dLitG79d+GV1Nb/VYcCDFivJeK1hiukt9QjRNVOsUtTy1rR1YJsmpGGTZ3qJos+uw7WmWF4wUwBd9jxjocFC2w==

progress@^2.0.3:
  version "2.0.3"
  resolved "https://registry.yarnpkg.com/progress/-/progress-2.0.3.tgz#7e8cf8d8f5b8f239c1bc68beb4eb78567d572ef8"
  integrity sha512-7PiHtLll5LdnKIMw100I+8xJXR5gW2QwWYkT6iJva0bXitZKa/XMrSbdmg3r2Xnaidz9Qumd0VPaMrZlF9V9sA==
